Microsoft Visual Studio Solution File, Format Version 12.00
# Visual Studio Version 17
VisualStudioVersion = 17.5.2.0
MinimumVisualStudioVersion = 10.0.40219.1
Project("{FAE04EC0-301F-11D3-BF4B-00C04F79EFBC}") = "Wanda_Backend", "Wanda_Backend.csproj", "{B6CAE246-90F8-D223-C6E9-AFDAD2B4DCA8}"
EndProject
Project("{FAE04EC0-301F-11D3-BF4B-00C04F79EFBC}") = "Wanda_Backend.Tests", "Wanda_Backend.Tests\Wanda_Backend.Tests.csproj", "{C7EEE160-0BFC-4955-A6C8-17957A095E29}"
EndProject
Global
	GlobalSection(SolutionConfigurationPlatforms) = preSolution
		Debug|Any CPU = Debug|Any CPU
		Release|Any CPU = Release|Any CPU
	EndGlobalSection
	GlobalSection(ProjectConfigurationPlatforms) = postSolution
		{B6CAE246-90F8-D223-C6E9-AFDAD2B4DCA8}.Debug|Any CPU.ActiveCfg = Debug|Any CPU
		{B6CAE246-90F8-D223-C6E9-AFDAD2B4DCA8}.Debug|Any CPU.Build.0 = Debug|Any CPU
		{B6CAE246-90F8-D223-C6E9-AFDAD2B4DCA8}.Release|Any CPU.ActiveCfg = Release|Any CPU
		{B6CAE246-90F8-D223-C6E9-AFDAD2B4DCA8}.Release|Any CPU.Build.0 = Release|Any CPU
		{C7EEE160-0BFC-4955-A6C8-17957A095E29}.Debug|Any CPU.ActiveCfg = Debug|Any CPU
		{C7EEE160-0BFC-4955-A6C8-17957A095E29}.Debug|Any CPU.Build.0 = Debug|Any CPU
		{C7EEE160-0BFC-4955-A6C8-17957A095E29}.Release|Any CPU.ActiveCfg = Release|Any CPU
		{C7EEE160-0BFC-4955-A6C8-17957A095E29}.Release|Any CPU.Build.0 = Release|Any CPU
	EndGlobalSection
	GlobalSection(SolutionProperties) = preSolution
		HideSolutionNode = FALSE
	EndGlobalSection
	GlobalSection(ExtensibilityGlobals) = postSolution
		SolutionGuid = {6F408890-AFDD-4E43-9329-4C30E367ADE7}
	EndGlobalSection
EndGlobal
